
Microsoft Visual Studio Solution File, Format Version 12.00
# Visual Studio 15
VisualStudioVersion = 15.0.28307.852
MinimumVisualStudioVersion = 10.0.40219.1
Project("{FAE04EC0-301F-11D3-BF4B-00C04F79EFBC}") = "SLMS_Test", "SLMS_Test\SLMS_Test.csproj", "{15E89DFB-1704-4A26-99FD-1CC33FF791D1}"
EndProject
Project("{FAE04EC0-301F-11D3-BF4B-00C04F79EFBC}") = "SLMS.Entity", "SLMS.Entity\SLMS.Entity.csproj", "{60746512-2AA7-4718-B826-2BCDBBA50E17}"
EndProject
Project("{FAE04EC0-301F-11D3-BF4B-00C04F79EFBC}") = "SLMS.DataContext", "SLMS.DataContext\SLMS.DataContext.csproj", "{F7236935-778C-4B72-815B-F0EDF19C9885}"
EndProject
Project("{FAE04EC0-301F-11D3-BF4B-00C04F79EFBC}") = "SLMS.Infrastructure", "SLMS.Infrastructure\SLMS.Infrastructure.csproj", "{D49638DB-91AE-4274-BCB2-78CA80873630}"
EndProject
Project("{FAE04EC0-301F-11D3-BF4B-00C04F79EFBC}") = "SLMS.Domain", "SLMS.Domain\SLMS.Domain.csproj", "{7D1F40B5-107B-470B-8804-22E70AD0556C}"
EndProject
Project("{FAE04EC0-301F-11D3-BF4B-00C04F79EFBC}") = "SLMS.Utilities", "SLMS.Utilities\SLMS.Utilities.csproj", "{7CAC2885-50B7-4A5E-87A3-46E0D355F545}"
EndProject
Global
	GlobalSection(SolutionConfigurationPlatforms) = preSolution
		Debug|Any CPU = Debug|Any CPU
		Release|Any CPU = Release|Any CPU
	EndGlobalSection
	GlobalSection(ProjectConfigurationPlatforms) = postSolution
		{15E89DFB-1704-4A26-99FD-1CC33FF791D1}.Debug|Any CPU.ActiveCfg = Debug|Any CPU
		{15E89DFB-1704-4A26-99FD-1CC33FF791D1}.Debug|Any CPU.Build.0 = Debug|Any CPU
		{15E89DFB-1704-4A26-99FD-1CC33FF791D1}.Release|Any CPU.ActiveCfg = Release|Any CPU
		{15E89DFB-1704-4A26-99FD-1CC33FF791D1}.Release|Any CPU.Build.0 = Release|Any CPU
		{60746512-2AA7-4718-B826-2BCDBBA50E17}.Debug|Any CPU.ActiveCfg = Debug|Any CPU
		{60746512-2AA7-4718-B826-2BCDBBA50E17}.Debug|Any CPU.Build.0 = Debug|Any CPU
		{60746512-2AA7-4718-B826-2BCDBBA50E17}.Release|Any CPU.ActiveCfg = Release|Any CPU
		{60746512-2AA7-4718-B826-2BCDBBA50E17}.Release|Any CPU.Build.0 = Release|Any CPU
		{F7236935-778C-4B72-815B-F0EDF19C9885}.Debug|Any CPU.ActiveCfg = Debug|Any CPU
		{F7236935-778C-4B72-815B-F0EDF19C9885}.Debug|Any CPU.Build.0 = Debug|Any CPU
		{F7236935-778C-4B72-815B-F0EDF19C9885}.Release|Any CPU.ActiveCfg = Release|Any CPU
		{F7236935-778C-4B72-815B-F0EDF19C9885}.Release|Any CPU.Build.0 = Release|Any CPU
		{D49638DB-91AE-4274-BCB2-78CA80873630}.Debug|Any CPU.ActiveCfg = Debug|Any CPU
		{D49638DB-91AE-4274-BCB2-78CA80873630}.Debug|Any CPU.Build.0 = Debug|Any CPU
		{D49638DB-91AE-4274-BCB2-78CA80873630}.Release|Any CPU.ActiveCfg = Release|Any CPU
		{D49638DB-91AE-4274-BCB2-78CA80873630}.Release|Any CPU.Build.0 = Release|Any CPU
		{7D1F40B5-107B-470B-8804-22E70AD0556C}.Debug|Any CPU.ActiveCfg = Debug|Any CPU
		{7D1F40B5-107B-470B-8804-22E70AD0556C}.Debug|Any CPU.Build.0 = Debug|Any CPU
		{7D1F40B5-107B-470B-8804-22E70AD0556C}.Release|Any CPU.ActiveCfg = Release|Any CPU
		{7D1F40B5-107B-470B-8804-22E70AD0556C}.Release|Any CPU.Build.0 = Release|Any CPU
		{7CAC2885-50B7-4A5E-87A3-46E0D355F545}.Debug|Any CPU.ActiveCfg = Debug|Any CPU
		{7CAC2885-50B7-4A5E-87A3-46E0D355F545}.Debug|Any CPU.Build.0 = Debug|Any CPU
		{7CAC2885-50B7-4A5E-87A3-46E0D355F545}.Release|Any CPU.ActiveCfg = Release|Any CPU
		{7CAC2885-50B7-4A5E-87A3-46E0D355F545}.Release|Any CPU.Build.0 = Release|Any CPU
	EndGlobalSection
	GlobalSection(SolutionProperties) = preSolution
		HideSolutionNode = FALSE
	EndGlobalSection
	GlobalSection(ExtensibilityGlobals) = postSolution
		SolutionGuid = {08AFDE22-2B41-4715-A711-2BB8C10C73EE}
	EndGlobalSection
EndGlobal
